
Microsoft Visual Studio Solution File, Format Version 12.00
# Visual Studio Version 16
VisualStudioVersion = 16.0.31129.286
MinimumVisualStudioVersion = 10.0.40219.1
Project("{FAE04EC0-301F-11D3-BF4B-00C04F79EFBC}") = "Delegate_Demo", "Delegate_Demo\Delegate_Demo.csproj", "{D58A534E-EDEA-4F93-B22F-5CF191590A50}"
EndProject
Global
	GlobalSection(SolutionConfigurationPlatforms) = preSolution
		Debug|Any CPU = Debug|Any CPU
		Release|Any CPU = Release|Any CPU
	EndGlobalSection
	GlobalSection(ProjectConfigurationPlatforms) = postSolution
		{D58A534E-EDEA-4F93-B22F-5CF191590A50}.Debug|Any CPU.ActiveCfg = Debug|Any CPU
		{D58A534E-EDEA-4F93-B22F-5CF191590A50}.Debug|Any CPU.Build.0 = Debug|Any CPU
		{D58A534E-EDEA-4F93-B22F-5CF191590A50}.Release|Any CPU.ActiveCfg = Release|Any CPU
		{D58A534E-EDEA-4F93-B22F-5CF191590A50}.Release|Any CPU.Build.0 = Release|Any CPU
	EndGlobalSection
	GlobalSection(SolutionProperties) = preSolution
		HideSolutionNode = FALSE
	EndGlobalSection
	GlobalSection(ExtensibilityGlobals) = postSolution
		SolutionGuid = {7511A851-D863-47B0-9812-B11DAD4F5D6F}
	EndGlobalSection
EndGlobal
